{
  "name": "javascript-learn",
  "lockfileVersion": 3,
  "requires": true,
  "packages": {
    "": {
      "dependencies": {
        "@lunisolar/plugin-fetalgod": "^0.1.4",
        "lunisolar": "^2.4.0"
      }
    },
    "node_modules/@lunisolar/plugin-fetalgod": {
      "version": "0.1.4",
      "resolved": "https://registry.npmmirror.com/@lunisolar/plugin-fetalgod/-/plugin-fetalgod-0.1.4.tgz",
      "integrity": "sha512-FgotsUbD210KTIBRZFUjyVqYsgzhLpgwNGdRjhfV/n9+7yA8hBoaOyMpd5tbuT2MzIIU/KNelk0oSI1deLWrog=="
    },
    "node_modules/lunisolar": {
      "version": "2.4.0",
      "resolved": "https://registry.npmmirror.com/lunisolar/-/lunisolar-2.4.0.tgz",
      "integrity": "sha512-F1j0iNRztO4Ozh3w0h8PUj0DhDwbfqMIhaj58ehwBNCZt7SSpZ7Dzqs46O21EqSlm7TfJRj7mWdkG2jlFtWkDA=="
    }
  }
}
